
Microsoft Visual Studio Solution File, Format Version 12.00
# Visual Studio 15
VisualStudioVersion = 15.0.26124.0
MinimumVisualStudioVersion = 15.0.26124.0
Project("{FAE04EC0-301F-11D3-BF4B-00C04F79EFBC}") = "salessystem.Data", "salessystem.Data\salessystem.Data.csproj", "{F368805C-6B7B-43E5-A5FE-BCBE28CFF211}"
EndProject
Project("{FAE04EC0-301F-11D3-BF4B-00C04F79EFBC}") = "salessystem.Services", "salessystem.Services\salessystem.Services.csproj", "{8C797566-8D27-4290-A4CE-0F306D947189}"
EndProject
Project("{FAE04EC0-301F-11D3-BF4B-00C04F79EFBC}") = "salessystem.Test", "salessystem.Test\salessystem.Test.csproj", "{F011F22A-9C52-42FE-9A9C-9B1627E9A387}"
EndProject
Project("{FAE04EC0-301F-11D3-BF4B-00C04F79EFBC}") = "salessystem.Web", "salessystem.Web\salessystem.Web.csproj", "{C1083BAF-3620-4A76-B0A6-16AF3F68346C}"
EndProject
Global
	GlobalSection(SolutionConfigurationPlatforms) = preSolution
		Debug|Any CPU = Debug|Any CPU
		Debug|x64 = Debug|x64
		Debug|x86 = Debug|x86
		Release|Any CPU = Release|Any CPU
		Release|x64 = Release|x64
		Release|x86 = Release|x86
	EndGlobalSection
	GlobalSection(SolutionProperties) = preSolution
		HideSolutionNode = FALSE
	EndGlobalSection
	GlobalSection(ProjectConfigurationPlatforms) = postSolution
		{F368805C-6B7B-43E5-A5FE-BCBE28CFF211}.Debug|Any CPU.ActiveCfg = Debug|Any CPU
		{F368805C-6B7B-43E5-A5FE-BCBE28CFF211}.Debug|Any CPU.Build.0 = Debug|Any CPU
		{F368805C-6B7B-43E5-A5FE-BCBE28CFF211}.Debug|x64.ActiveCfg = Debug|Any CPU
		{F368805C-6B7B-43E5-A5FE-BCBE28CFF211}.Debug|x64.Build.0 = Debug|Any CPU
		{F368805C-6B7B-43E5-A5FE-BCBE28CFF211}.Debug|x86.ActiveCfg = Debug|Any CPU
		{F368805C-6B7B-43E5-A5FE-BCBE28CFF211}.Debug|x86.Build.0 = Debug|Any CPU
		{F368805C-6B7B-43E5-A5FE-BCBE28CFF211}.Release|Any CPU.ActiveCfg = Release|Any CPU
		{F368805C-6B7B-43E5-A5FE-BCBE28CFF211}.Release|Any CPU.Build.0 = Release|Any CPU
		{F368805C-6B7B-43E5-A5FE-BCBE28CFF211}.Release|x64.ActiveCfg = Release|Any CPU
		{F368805C-6B7B-43E5-A5FE-BCBE28CFF211}.Release|x64.Build.0 = Release|Any CPU
		{F368805C-6B7B-43E5-A5FE-BCBE28CFF211}.Release|x86.ActiveCfg = Release|Any CPU
		{F368805C-6B7B-43E5-A5FE-BCBE28CFF211}.Release|x86.Build.0 = Release|Any CPU
		{8C797566-8D27-4290-A4CE-0F306D947189}.Debug|Any CPU.ActiveCfg = Debug|Any CPU
		{8C797566-8D27-4290-A4CE-0F306D947189}.Debug|Any CPU.Build.0 = Debug|Any CPU
		{8C797566-8D27-4290-A4CE-0F306D947189}.Debug|x64.ActiveCfg = Debug|Any CPU
		{8C797566-8D27-4290-A4CE-0F306D947189}.Debug|x64.Build.0 = Debug|Any CPU
		{8C797566-8D27-4290-A4CE-0F306D947189}.Debug|x86.ActiveCfg = Debug|Any CPU
		{8C797566-8D27-4290-A4CE-0F306D947189}.Debug|x86.Build.0 = Debug|Any CPU
		{8C797566-8D27-4290-A4CE-0F306D947189}.Release|Any CPU.ActiveCfg = Release|Any CPU
		{8C797566-8D27-4290-A4CE-0F306D947189}.Release|Any CPU.Build.0 = Release|Any CPU
		{8C797566-8D27-4290-A4CE-0F306D947189}.Release|x64.ActiveCfg = Release|Any CPU
		{8C797566-8D27-4290-A4CE-0F306D947189}.Release|x64.Build.0 = Release|Any CPU
		{8C797566-8D27-4290-A4CE-0F306D947189}.Release|x86.ActiveCfg = Release|Any CPU
		{8C797566-8D27-4290-A4CE-0F306D947189}.Release|x86.Build.0 = Release|Any CPU
		{F011F22A-9C52-42FE-9A9C-9B1627E9A387}.Debug|Any CPU.ActiveCfg = Debug|Any CPU
		{F011F22A-9C52-42FE-9A9C-9B1627E9A387}.Debug|Any CPU.Build.0 = Debug|Any CPU
		{F011F22A-9C52-42FE-9A9C-9B1627E9A387}.Debug|x64.ActiveCfg = Debug|Any CPU
		{F011F22A-9C52-42FE-9A9C-9B1627E9A387}.Debug|x64.Build.0 = Debug|Any CPU
		{F011F22A-9C52-42FE-9A9C-9B1627E9A387}.Debug|x86.ActiveCfg = Debug|Any CPU
		{F011F22A-9C52-42FE-9A9C-9B1627E9A387}.Debug|x86.Build.0 = Debug|Any CPU
		{F011F22A-9C52-42FE-9A9C-9B1627E9A387}.Release|Any CPU.ActiveCfg = Release|Any CPU
		{F011F22A-9C52-42FE-9A9C-9B1627E9A387}.Release|Any CPU.Build.0 = Release|Any CPU
		{F011F22A-9C52-42FE-9A9C-9B1627E9A387}.Release|x64.ActiveCfg = Release|Any CPU
		{F011F22A-9C52-42FE-9A9C-9B1627E9A387}.Release|x64.Build.0 = Release|Any CPU
		{F011F22A-9C52-42FE-9A9C-9B1627E9A387}.Release|x86.ActiveCfg = Release|Any CPU
		{F011F22A-9C52-42FE-9A9C-9B1627E9A387}.Release|x86.Build.0 = Release|Any CPU
		{C1083BAF-3620-4A76-B0A6-16AF3F68346C}.Debug|Any CPU.ActiveCfg = Debug|Any CPU
		{C1083BAF-3620-4A76-B0A6-16AF3F68346C}.Debug|Any CPU.Build.0 = Debug|Any CPU
		{C1083BAF-3620-4A76-B0A6-16AF3F68346C}.Debug|x64.ActiveCfg = Debug|Any CPU
		{C1083BAF-3620-4A76-B0A6-16AF3F68346C}.Debug|x64.Build.0 = Debug|Any CPU
		{C1083BAF-3620-4A76-B0A6-16AF3F68346C}.Debug|x86.ActiveCfg = Debug|Any CPU
		{C1083BAF-3620-4A76-B0A6-16AF3F68346C}.Debug|x86.Build.0 = Debug|Any CPU
		{C1083BAF-3620-4A76-B0A6-16AF3F68346C}.Release|Any CPU.ActiveCfg = Release|Any CPU
		{C1083BAF-3620-4A76-B0A6-16AF3F68346C}.Release|Any CPU.Build.0 = Release|Any CPU
		{C1083BAF-3620-4A76-B0A6-16AF3F68346C}.Release|x64.ActiveCfg = Release|Any CPU
		{C1083BAF-3620-4A76-B0A6-16AF3F68346C}.Release|x64.Build.0 = Release|Any CPU
		{C1083BAF-3620-4A76-B0A6-16AF3F68346C}.Release|x86.ActiveCfg = Release|Any CPU
		{C1083BAF-3620-4A76-B0A6-16AF3F68346C}.Release|x86.Build.0 = Release|Any CPU
	EndGlobalSection
EndGlobal
